
Microsoft Visual Studio Solution File, Format Version 12.00
# Visual Studio Version 17
VisualStudioVersion = 17.0.31903.59
MinimumVisualStudioVersion = 10.0.40219.1
Project("{FAE04EC0-301F-11D3-BF4B-00C04F79EFBC}") = "AutoMapperApi", "AutoMapperApi\AutoMapperApi.csproj", "{D422BB1F-B8A5-47E0-9766-B772078F784E}"
EndProject
Project("{FAE04EC0-301F-11D3-BF4B-00C04F79EFBC}") = "AutoMapperModels", "AutoMapperModels\AutoMapperModels.csproj", "{3B06F01C-383B-46B1-9B2A-AE5FC0411920}"
EndProject
Project("{FAE04EC0-301F-11D3-BF4B-00C04F79EFBC}") = "AutoMapperProfiles", "AutoMapperProfiles\AutoMapperProfiles.csproj", "{A3CB3BEA-B06D-43BD-90D8-99551748C672}"
EndProject
Global
	GlobalSection(SolutionConfigurationPlatforms) = preSolution
		Debug|Any CPU = Debug|Any CPU
		Release|Any CPU = Release|Any CPU
	EndGlobalSection
	GlobalSection(SolutionProperties) = preSolution
		HideSolutionNode = FALSE
	EndGlobalSection
	GlobalSection(ProjectConfigurationPlatforms) = postSolution
		{D422BB1F-B8A5-47E0-9766-B772078F784E}.Debug|Any CPU.ActiveCfg = Debug|Any CPU
		{D422BB1F-B8A5-47E0-9766-B772078F784E}.Debug|Any CPU.Build.0 = Debug|Any CPU
		{D422BB1F-B8A5-47E0-9766-B772078F784E}.Release|Any CPU.ActiveCfg = Release|Any CPU
		{D422BB1F-B8A5-47E0-9766-B772078F784E}.Release|Any CPU.Build.0 = Release|Any CPU
		{3B06F01C-383B-46B1-9B2A-AE5FC0411920}.Debug|Any CPU.ActiveCfg = Debug|Any CPU
		{3B06F01C-383B-46B1-9B2A-AE5FC0411920}.Debug|Any CPU.Build.0 = Debug|Any CPU
		{3B06F01C-383B-46B1-9B2A-AE5FC0411920}.Release|Any CPU.ActiveCfg = Release|Any CPU
		{3B06F01C-383B-46B1-9B2A-AE5FC0411920}.Release|Any CPU.Build.0 = Release|Any CPU
		{A3CB3BEA-B06D-43BD-90D8-99551748C672}.Debug|Any CPU.ActiveCfg = Debug|Any CPU
		{A3CB3BEA-B06D-43BD-90D8-99551748C672}.Debug|Any CPU.Build.0 = Debug|Any CPU
		{A3CB3BEA-B06D-43BD-90D8-99551748C672}.Release|Any CPU.ActiveCfg = Release|Any CPU
		{A3CB3BEA-B06D-43BD-90D8-99551748C672}.Release|Any CPU.Build.0 = Release|Any CPU
	EndGlobalSection
EndGlobal
